{
  "name": "evm",
  "lockfileVersion": 2,
  "requires": true,
  "packages": {
    "": {
      "dependencies": {
        "solmate": "^6.7.0"
      },
      "devDependencies": {}
    },
    "node_modules/solmate": {
      "version": "6.7.0",
      "resolved": "https://registry.npmjs.org/solmate/-/solmate-6.7.0.tgz",
      "integrity": "sha512-iMPr+gKbKjXBB12a+Iz5Tua5r7T4yugHaGXDWSJbBZB4Gr3vLeUUvKeLyMxCWWqk1xlLhFDFFuAmOzeyVBuyvQ=="
    }
  },
  "dependencies": {
    "solmate": {
      "version": "6.7.0",
      "resolved": "https://registry.npmjs.org/solmate/-/solmate-6.7.0.tgz",
      "integrity": "sha512-iMPr+gKbKjXBB12a+Iz5Tua5r7T4yugHaGXDWSJbBZB4Gr3vLeUUvKeLyMxCWWqk1xlLhFDFFuAmOzeyVBuyvQ=="
    }
  }
}
