# This file is automatically @generated by Poetry 1.5.1 and should not be changed by hand.

[[package]]
name = "cbor2"
version = "5.4.6"
description = "CBOR (de)serializer with extensive tag support"
optional = false
python-versions = ">=3.7"
files = [
    {file = "cbor2-5.4.6-cp310-cp310-macosx_10_9_x86_64.whl", hash = "sha256:309fffbb7f561d67f02095d4b9657b73c9220558701c997e9bfcfbca2696e927"},
    {file = "cbor2-5.4.6-cp310-cp310-macosx_11_0_arm64.whl", hash = "sha256:ff95b33e5482313a74648ca3620c9328e9f30ecfa034df040b828e476597d352"},
    {file = "cbor2-5.4.6-cp310-cp310-manylinux_2_17_aarch64.manylinux2014_aarch64.whl", hash = "sha256:db9eb582fce972f0fa429d8159b7891ff8deccb7affc4995090afc61ce0d328a"},
    {file = "cbor2-5.4.6-cp310-cp310-manylinux_2_17_x86_64.manylinux2014_x86_64.whl", hash = "sha256:3950be57a1698086cf26d8710b4e5a637b65133c5b1f9eec23967d4089d8cfed"},
    {file = "cbor2-5.4.6-cp310-cp310-musllinux_1_1_aarch64.whl", hash = "sha256:78304df140b9e13b93bcbb2aecee64c9aaa9f1cadbd45f043b5e7b93cc2f21a2"},
    {file = "cbor2-5.4.6-cp310-cp310-musllinux_1_1_x86_64.whl", hash = "sha256:e73ca40dd3c7210ff776acff9869ddc9ff67bae7c425b58e5715dcf55275163f"},
    {file = "cbor2-5.4.6-cp310-cp310-win_amd64.whl", hash = "sha256:0b956f19e93ba3180c336282cd1b6665631f2d3a196a9c19b29a833bf979e7a4"},
    {file = "cbor2-5.4.6-cp311-cp311-macosx_10_9_x86_64.whl", hash = "sha256:1c12c0ab78f5bc290b08a79152a8621822415836a86f8f4b50dadba371736fda"},
    {file = "cbor2-5.4.6-cp311-cp311-macosx_11_0_arm64.whl", hash = "sha256:3545b16f9f0d5f34d4c99052829c3726020a07be34c99c250d0df87418f02954"},
    {file = "cbor2-5.4.6-cp311-cp311-manylinux_2_17_aarch64.manylinux2014_aarch64.whl", hash = "sha256:24144822f8d2b0156f4cda9427f071f969c18683ffed39663dc86bc0a75ae4dd"},
    {file = "cbor2-5.4.6-cp311-cp311-manylinux_2_17_x86_64.manylinux2014_x86_64.whl", hash = "sha256:1835536e76ea16e88c934aac5e369ba9f93d495b01e5fa2d93f0b4986b89146d"},
    {file = "cbor2-5.4.6-cp311-cp311-musllinux_1_1_aarch64.whl", hash = "sha256:39452c799453f5bf33281ffc0752c620b8bfa0b7c13070b87d370257a1311976"},
    {file = "cbor2-5.4.6-cp311-cp311-musllinux_1_1_x86_64.whl", hash = "sha256:3316f09a77af85e7772ecfdd693b0f450678a60b1aee641bac319289757e3fa0"},
    {file = "cbor2-5.4.6-cp311-cp311-win_amd64.whl", hash = "sha256:456cdff668a50a52fdb8aa6d0742511e43ed46d6a5b463dba80a5a720fa0d320"},
    {file = "cbor2-5.4.6-cp37-cp37m-macosx_10_9_x86_64.whl", hash = "sha256:9394ca49ecdf0957924e45d09a4026482d184a465a047f60c4044eb464c43de9"},
    {file = "cbor2-5.4.6-cp37-cp37m-manylinux_2_17_aarch64.manylinux2014_aarch64.whl", hash = "sha256:56dfa030cd3d67e5b6701d3067923f2f61536a8ffb1b45be14775d1e866b59ae"},
    {file = "cbor2-5.4.6-cp37-cp37m-manylinux_2_17_x86_64.manylinux2014_x86_64.whl", hash = "sha256:e5094562dfe3e5583202b93ef7ca5082c2ba5571accb2c4412d27b7d0ba8a563"},
    {file = "cbor2-5.4.6-cp37-cp37m-musllinux_1_1_aarch64.whl", hash = "sha256:94f844d0e232aca061a86dd6ff191e47ba0389ddd34acb784ad9a41594dc99a4"},
    {file = "cbor2-5.4.6-cp37-cp37m-musllinux_1_1_x86_64.whl", hash = "sha256:7bbd3470eb685325398023e335be896b74f61b014896604ed45049a7b7b6d8ac"},
    {file = "cbor2-5.4.6-cp37-cp37m-win_amd64.whl", hash = "sha256:0bd12c54a48949d11f5ffc2fa27f5df1b4754111f5207453e5fae3512ebb3cab"},
    {file = "cbor2-5.4.6-cp38-cp38-macosx_10_9_x86_64.whl", hash = "sha256:d2984a488f350aee1d54fa9cb8c6a3c1f1f5b268abbc91161e47185de4d829f3"},
    {file = "cbor2-5.4.6-cp38-cp38-macosx_11_0_arm64.whl", hash = "sha256:c285a2cb2c04004bfead93df89d92a0cef1874ad337d0cb5ea53c2c31e97bfdb"},
    {file = "cbor2-5.4.6-cp38-cp38-manylinux_2_17_aarch64.manylinux2014_aarch64.whl", hash = "sha256:6709d97695205cd08255363b54afa035306d5302b7b5e38308c8ff5a47e60f2a"},
    {file = "cbor2-5.4.6-cp38-cp38-manylinux_2_17_x86_64.manylinux2014_x86_64.whl", hash = "sha256:96087fa5336ebfc94465c0768cd5de0fcf9af3840d2cf0ce32f5767855f1a293"},
    {file = "cbor2-5.4.6-cp38-cp38-musllinux_1_1_aarch64.whl", hash = "sha256:0d2b926b024d3a1549b819bc82fdc387062bbd977b0299dd5fa5e0ea3267b98b"},
    {file = "cbor2-5.4.6-cp38-cp38-musllinux_1_1_x86_64.whl", hash = "sha256:6e1b5aee920b6a2f737aa12e2b54de3826b09f885a7ce402db84216343368140"},
    {file = "cbor2-5.4.6-cp38-cp38-win_amd64.whl", hash = "sha256:79e048e623846d60d735bb350263e8fdd36cb6195d7f1a2b57eacd573d9c0b33"},
    {file = "cbor2-5.4.6-cp39-cp39-macosx_10_9_x86_64.whl", hash = "sha256:80ac8ba450c7a41c5afe5f7e503d3092442ed75393e1de162b0bf0d97edf7c7f"},
    {file = "cbor2-5.4.6-cp39-cp39-macosx_11_0_arm64.whl", hash = "sha256:4ce1a2c272ba8523a55ea2f1d66e3464e89fa0e37c9a3d786a919fe64e68dbd7"},
    {file = "cbor2-5.4.6-cp39-cp39-manylinux_2_17_aarch64.manylinux2014_aarch64.whl", hash = "sha256:1618d16e310f7ffed141762b0ff5d8bb6b53ad449406115cc465bf04213cefcf"},
    {file = "cbor2-5.4.6-cp39-cp39-manylinux_2_17_x86_64.manylinux2014_x86_64.whl", hash = "sha256:4bbbdb2e3ef274865dc3f279aae109b5d94f4654aea3c72c479fb37e4a1e7ed7"},
    {file = "cbor2-5.4.6-cp39-cp39-musllinux_1_1_aarch64.whl", hash = "sha256:6f9c702bee2954fffdfa3de95a5af1a6b1c5f155e39490353d5654d83bb05bb9"},
    {file = "cbor2-5.4.6-cp39-cp39-musllinux_1_1_x86_64.whl", hash = "sha256:4b9f3924da0e460a93b3674c7e71020dd6c9e9f17400a34e52a88c0af2dcd2aa"},
    {file = "cbor2-5.4.6-cp39-cp39-win_amd64.whl", hash = "sha256:d54bd840b4fe34f097b8665fc0692c7dd175349e53976be6c5de4433b970daa4"},
    {file = "cbor2-5.4.6-py3-none-any.whl", hash = "sha256:181ac494091d1f9c5bb373cd85514ce1eb967a8cf3ec298e8dfa8878aa823956"},
    {file = "cbor2-5.4.6.tar.gz", hash = "sha256:b893500db0fe033e570c3adc956af6eefc57e280026bd2d86fd53da9f1e594d7"},
]

[package.extras]
doc = ["sphinx-autodoc-typehints (>=1.2.0)", "sphinx-rtd-theme"]
test = ["pytest", "pytest-cov"]

[[package]]
name = "colorama"
version = "0.4.6"
description = "Cross-platform colored terminal text."
optional = false
python-versions = "!=3.0.*,!=3.1.*,!=3.2.*,!=3.3.*,!=3.4.*,!=3.5.*,!=3.6.*,>=2.7"
files = [
    {file = "colorama-0.4.6-py2.py3-none-any.whl", hash = "sha256:4f1d9991f5acc0ca119f9d443620b77f9d6b33703e51011c16baf57afb285fc6"},
    {file = "colorama-0.4.6.tar.gz", hash = "sha256:08695f5cb7ed6e0531a20572697297273c47b8cae5a63ffc6d6ed5c201be6e44"},
]

[[package]]
name = "crytic-compile"
version = "0.3.1"
description = "Util to facilitate smart contracts compilation."
optional = false
python-versions = ">=3.8"
files = [
    {file = "crytic-compile-0.3.1.tar.gz", hash = "sha256:2f0030315b297d1852353b03ace8a484fb0415e07b16ff6172173fbb51313590"},
    {file = "crytic_compile-0.3.1-py3-none-any.whl", hash = "sha256:2180ce6338ff9034077cd721f5ba1dca2ef05355f689f822cd640b7146313228"},
]

[package.dependencies]
cbor2 = "*"
pycryptodome = ">=3.4.6"
solc-select = ">=v1.0.2"

[package.extras]
dev = ["black (==22.3.0)", "darglint (==1.8.0)", "mypy (==0.942)", "pylint (==2.13.4)"]

[[package]]
name = "cytoolz"
version = "0.12.0"
description = "Cython implementation of Toolz: High performance functional utilities"
optional = false
python-versions = ">=3.5"
files = [
    {file = "cytoolz-0.12.0-cp310-cp310-macosx_10_9_x86_64.whl", hash = "sha256:8237612fed78d4580e94141a74ac0977f5a9614dd7fa8f3d2fcb30e6d04e73aa"},
    {file = "cytoolz-0.12.0-cp310-cp310-macosx_11_0_arm64.whl", hash = "sha256:798dff7a40adbb3dfa2d50499c2038779061ebc37eccedaf28fa296cb517b84e"},
    {file = "cytoolz-0.12.0-cp310-cp310-manylinux_2_17_aarch64.manylinux2014_aarch64.whl", hash = "sha256:336551092eb1cfc2ad5878cc08ef290f744843f84c1dda06f9e4a84d2c440b73"},
    {file = "cytoolz-0.12.0-cp310-cp310-manylinux_2_17_ppc64le.manylinux2014_ppc64le.whl", hash = "sha256:79b46cda959f026bd9fc33b4046294b32bd5e7664a4cf607179f80ac93844e7f"},
    {file = "cytoolz-0.12.0-cp310-cp310-manylinux_2_17_s390x.manylinux2014_s390x.whl", hash = "sha256:b716f66b5ee72dbf9a001316ffe72afe0bb8f6ce84e341aec64291c0ff16b9f4"},
    {file = "cytoolz-0.12.0-cp310-cp310-manylinux_2_17_x86_64.manylinux2014_x86_64.whl", hash = "sha256:9ac7758c5c5a66664285831261a9af8e0af504026e0987cd01535045945df6e1"},
    {file = "cytoolz-0.12.0-cp310-cp310-manylinux_2_5_i686.manylinux1_i686.manylinux_2_17_i686.manylinux2014_i686.whl", hash = "sha256:337c9a3ce2929c6361bcc1b304ce81ed675078a34c203dbb7c3e154f7ed1cca8"},
    {file = "cytoolz-0.12.0-cp310-cp310-musllinux_1_1_aarch64.whl", hash = "sha256:ee1fe1a3d0c8c456c3fbf62f28d178f870d14302fcd1edbc240b717ae3ab08de"},
    {file = "cytoolz-0.12.0-cp310-cp310-musllinux_1_1_i686.whl", hash = "sha256:f1f5c1ef04240b323b9e6b87d4b1d7f14b735e284a33b18a509537a10f62715c"},
    {file = "cytoolz-0.12.0-cp310-cp310-musllinux_1_1_ppc64le.whl", hash = "sha256:25c037a7b4f49730ccc295a03cd2217ba67ff43ac0918299f5f368271433ff0f"},
    {file = "cytoolz-0.12.0-cp310-cp310-musllinux_1_1_s390x.whl", hash = "sha256:38e3386f63ebaea46a4ee0bfefc9a38590c3b78ab86439766b5225443468a76b"},
    {file = "cytoolz-0.12.0-cp310-cp310-musllinux_1_1_x86_64.whl", hash = "sha256:cb072fa81caab93a5892c4b69dfe0d48f52026a7fe83ba2567020a7995a456e7"},
    {file = "cytoolz-0.12.0-cp310-cp310-win32.whl", hash = "sha256:a4acf6cb20f01a5eb5b6d459e08fb92aacfb4de8bc97e25437c1a3e71860b452"},
    {file = "cytoolz-0.12.0-cp310-cp310-win_amd64.whl", hash = "sha256:7fe93ffde090e2867f8ce4369d0c1abf5651817a74a3d0a4da2b1ffd412603ff"},
    {file = "cytoolz-0.12.0-cp36-cp36m-macosx_10_9_x86_64.whl", hash = "sha256:d212296e996a70db8d9e1c0622bc8aefa732eb0416b5441624d0fd5b853ea391"},
    {file = "cytoolz-0.12.0-cp36-cp36m-manylinux_2_17_aarch64.manylinux2014_aarch64.whl", hash = "sha256:231d87ffb5fc468989e35336a2f8da1c9b8d97cfd9300cf2df32e953e4d20cae"},
    {file = "cytoolz-0.12.0-cp36-cp36m-manylinux_2_17_ppc64le.manylinux2014_ppc64le.whl", hash = "sha256:f26079bc2d0b7aa1a185516ac9f7cda0d7932da6c60589bfed4079e3a5369e83"},
    {file = "cytoolz-0.12.0-cp36-cp36m-manylinux_2_17_s390x.manylinux2014_s390x.whl", hash = "sha256:d511dd49eb1263ccb4e5f84ae1478dc2824d66b813cdf700e1ba593faa256ade"},
    {file = "cytoolz-0.12.0-cp36-cp36m-manylinux_2_17_x86_64.manylinux2014_x86_64.whl", hash = "sha256:fa5ded9f811c36668239adb4806fca1244b06add4d64af31119c279aab1ef8a6"},
    {file = "cytoolz-0.12.0-cp36-cp36m-manylinux_2_5_i686.manylinux1_i686.manylinux_2_17_i686.manylinux2014_i686.whl", hash = "sha256:c818a382b828e960fbbedbc85663414edbbba816c2bf8c1bb5651305d79bdb97"},
    {file = "cytoolz-0.12.0-cp36-cp36m-musllinux_1_1_aarch64.whl", hash = "sha256:1c22255e7458feb6f43d99c9578396e91d5934757c552128f6afd3b093b41c00"},
    {file = "cytoolz-0.12.0-cp36-cp36m-musllinux_1_1_i686.whl", hash = "sha256:5b7079b3197256ac6bf73f8b9484d514fac68a36d05513b9e5247354d6fc2885"},
    {file = "cytoolz-0.12.0-cp36-cp36m-musllinux_1_1_ppc64le.whl", hash = "sha256:2ee9ca2cfc939607926096c7cc6f298cee125f8ca53a4f46745f8dfbb7fb7ab1"},
    {file = "cytoolz-0.12.0-cp36-cp36m-musllinux_1_1_s390x.whl", hash = "sha256:8c0101bb2b2bcc0de2e2eb288a132c261e5fa883b1423799b47d4f0cfd879cd6"},
    {file = "cytoolz-0.12.0-cp36-cp36m-musllinux_1_1_x86_64.whl", hash = "sha256:4b8b1d9764d08782caa8ba0e91d76b95b973a82f4ce2a3f9c7e726bfeaddbdfa"},
    {file = "cytoolz-0.12.0-cp36-cp36m-win32.whl", hash = "sha256:f71b49a41826a8e7fd464d6991134a6d022a666be4e76d517850abbea561c909"},
    {file = "cytoolz-0.12.0-cp36-cp36m-win_amd64.whl", hash = "sha256:ae7f417bb2b4e3906e525b3dbe944791dfa9248faea719c7a9c200aa1a019a4e"},
    {file = "cytoolz-0.12.0-cp37-cp37m-macosx_10_9_x86_64.whl", hash = "sha256:b05dc257996c0accf6f877b1f212f74dc134b39c46baac09e1894d9d9c970b6a"},
    {file = "cytoolz-0.12.0-cp37-cp37m-manylinux_2_17_aarch64.manylinux2014_aarch64.whl", hash = "sha256:a2cca43caea857e761cc458ffb4f7af397a13824c5e71341ca08035ff5ff0b27"},
    {file = "cytoolz-0.12.0-cp37-cp37m-manylinux_2_17_ppc64le.manylinux2014_ppc64le.whl", hash = "sha256:dd840adfe027d379e7aede973bc0e193e6eef9b33d46d1d42826e26db9b37d7e"},
    {file = "cytoolz-0.12.0-cp37-cp37m-manylinux_2_17_s390x.manylinux2014_s390x.whl", hash = "sha256:94b067c88de0eaca174211c8422b3f72cbfb63b101a0eeb528c4f21282ca0afe"},
    {file = "cytoolz-0.12.0-cp37-cp37m-manylinux_2_17_x86_64.manylinux2014_x86_64.whl", hash = "sha256:db619f17705067f1f112d3e84a0904b2f04117e50cefc4016f435ff0dc59bc4e"},
    {file = "cytoolz-0.12.0-cp37-cp37m-manylinux_2_5_i686.manylinux1_i686.manylinux_2_17_i686.manylinux2014_i686.whl", hash = "sha256:3e8335998e21205574fc7d8d17844a9cc0dd4cbb25bb7716d90683a935d2c879"},
    {file = "cytoolz-0.12.0-cp37-cp37m-musllinux_1_1_aarch64.whl", hash = "sha256:46b9f4af719b113c01a4144c52fc4b929f98a47017a5408e3910050f4641126b"},
    {file = "cytoolz-0.12.0-cp37-cp37m-musllinux_1_1_i686.whl", hash = "sha256:2d29cf7a44a8abaeb00537e3bad7abf823fce194fe707c366f81020d384e22f7"},
    {file = "cytoolz-0.12.0-cp37-cp37m-musllinux_1_1_ppc64le.whl", hash = "sha256:02dc4565a8d27c9f3e87b715c0a300890e17c94ba1294af61c4ba97aa8482b22"},
    {file = "cytoolz-0.12.0-cp37-cp37m-musllinux_1_1_s390x.whl", hash = "sha256:2bd1c692ab706acb46cfebe7105945b07f7274598097e32c8979d3b22ae62cc6"},
    {file = "cytoolz-0.12.0-cp37-cp37m-musllinux_1_1_x86_64.whl", hash = "sha256:d035805dcdefcdfe64d97d6e1e7603798588d5e1ae08e61a5dae3258c3cb407a"},
    {file = "cytoolz-0.12.0-cp37-cp37m-win32.whl", hash = "sha256:9ecdd6e2be8d59b76c2bd3e2d832e7b3d5b2535c418b13cfa85e3b17de985199"},
    {file = "cytoolz-0.12.0-cp37-cp37m-win_amd64.whl", hash = "sha256:3a5408a74df84e84aa1c86a2f9f2ffaed51a55f34bbad5b8fae547cb9167e977"},
    {file = "cytoolz-0.12.0-cp38-cp38-macosx_10_9_x86_64.whl", hash = "sha256:1cf9ae77eed57924becd3ab65ae24487d7b1f9823d3e685d796e58f57424f82a"},
    {file = "cytoolz-0.12.0-cp38-cp38-macosx_11_0_arm64.whl", hash = "sha256:dc8df9adfca0da9956589f53764d459389ce86d824663c7217422232f1dfbc9d"},
    {file = "cytoolz-0.12.0-cp38-cp38-manylinux_2_17_aarch64.manylinux2014_aarch64.whl", hash = "sha256:edf460dc6bed081f274cd3d8ae162dd7e382014161d65edcdec832035d93901b"},
    {file = "cytoolz-0.12.0-cp38-cp38-manylinux_2_17_ppc64le.manylinux2014_ppc64le.whl", hash = "sha256:f5784adcdb285e70b61efc1a369cd61c6b7f1e0b5d521651f93cde09549681f5"},
    {file = "cytoolz-0.12.0-cp38-cp38-manylinux_2_17_s390x.manylinux2014_s390x.whl", hash = "sha256:09fac69cebcb79a6ed75565fe2de9511be6e3d93f30dad115832cc1a3933b6ce"},
    {file = "cytoolz-0.12.0-cp38-cp38-manylinux_2_17_x86_64.manylinux2014_x86_64.whl", hash = "sha256:1744217505b835fcf55d82d67addd0d361791c4fd6a2f485f034b343ffc7edb3"},
    {file = "cytoolz-0.12.0-cp38-cp38-manylinux_2_5_i686.manylinux1_i686.manylinux_2_17_i686.manylinux2014_i686.whl", hash = "sha256:6fa49cfaa0eedad59d8357a482bd10e2cc2a12ad9f41aae53427e82d3eba068a"},
    {file = "cytoolz-0.12.0-cp38-cp38-musllinux_1_1_aarch64.whl", hash = "sha256:c9f8c9b3cfa20b4ce6a89b7e2e7ffda76bdd81e95b7d20bbb2c47c2b31e72622"},
    {file = "cytoolz-0.12.0-cp38-cp38-musllinux_1_1_i686.whl", hash = "sha256:0c9fe89548b1dc7c8b3160758d192791b32bd42b1c244a20809a1053a9d74428"},
    {file = "cytoolz-0.12.0-cp38-cp38-musllinux_1_1_ppc64le.whl", hash = "sha256:d61bc1713662e7d9aa3e298dad790dfd027c5c0f1342c36be8401aebe3d3d453"},
    {file = "cytoolz-0.12.0-cp38-cp38-musllinux_1_1_s390x.whl", hash = "sha256:69c04ae878d5bcde5462e7290f950bfce11fd139ec4b481687983326658e6dbe"},
    {file = "cytoolz-0.12.0-cp38-cp38-musllinux_1_1_x86_64.whl", hash = "sha256:21986f4a970c03ca84806b3a08e89386ac4aeb54c9b79d6a7268e83225331a87"},
    {file = "cytoolz-0.12.0-cp38-cp38-win32.whl", hash = "sha256:e17516a102731bcf86446ce148127a8cd2887cf27ac388990cd63881115b4fdc"},
    {file = "cytoolz-0.12.0-cp38-cp38-win_amd64.whl", hash = "sha256:16748ea2b40c5978190d9acf9aa8fbacbfb440964c1035dc16cb14dbd557edb5"},
    {file = "cytoolz-0.12.0-cp39-cp39-macosx_10_9_x86_64.whl", hash = "sha256:02583c9fd4668f9e343ad4fc0e0f9651b1a0c16fe92bd208d07fd07de90fdc99"},
    {file = "cytoolz-0.12.0-cp39-cp39-macosx_11_0_arm64.whl", hash = "sha256:ee92dadb312e657b9b666a0385fafc6dad073d8a0fbef5cea09e21011554206a"},
    {file = "cytoolz-0.12.0-cp39-cp39-manylinux_2_17_aarch64.manylinux2014_aarch64.whl", hash = "sha256:12d3d11ceb0fce8be5463f1e363366888c4b71e68fb2f5d536e4790b933cfd7e"},
    {file = "cytoolz-0.12.0-cp39-cp39-manylinux_2_17_ppc64le.manylinux2014_ppc64le.whl", hash = "sha256:6f87472837c26b3bc91f9767c7adcfb935d0c097937c6744250672cd8c36019d"},
    {file = "cytoolz-0.12.0-cp39-cp39-manylinux_2_17_s390x.manylinux2014_s390x.whl", hash = "sha256:7244fb0d0b87499becc29051b82925e0daf3838e6c352e6b2d62e0f969b090af"},
    {file = "cytoolz-0.12.0-cp39-cp39-manylinux_2_17_x86_64.manylinux2014_x86_64.whl", hash = "sha256:deb8550f487de756f1c24c56fa2c8451a53c0346868c13899c6b3a39b1f3d2c3"},
    {file = "cytoolz-0.12.0-cp39-cp39-manylinux_2_5_i686.manylinux1_i686.manylinux_2_17_i686.manylinux2014_i686.whl", hash = "sha256:f959c1319b7e6ed3367b0f5a54a7b9c59063bd053c74278b27999db013e568df"},
    {file = "cytoolz-0.12.0-cp39-cp39-musllinux_1_1_aarch64.whl", hash = "sha256:8f40897f6f341e03a945759fcdb2208dc7c64dc312386d3088c47b78fca2a3b2"},
    {file = "cytoolz-0.12.0-cp39-cp39-musllinux_1_1_i686.whl", hash = "sha256:68336dfbe00efebbb1d02b8aa00b570dceec5d03fbd818c620aa246a8f5e5409"},
    {file = "cytoolz-0.12.0-cp39-cp39-musllinux_1_1_ppc64le.whl", hash = "sha256:886b3bf8fa99510836107097a5e5a2bd81631d3795dedc5684e25bef6538ac39"},
    {file = "cytoolz-0.12.0-cp39-cp39-musllinux_1_1_s390x.whl", hash = "sha256:0f94b4a3500345de5853d1896b7e770ce4a6577a431f43ff7d8f05f9051aeb7d"},
    {file = "cytoolz-0.12.0-cp39-cp39-musllinux_1_1_x86_64.whl", hash = "sha256:9dd7dbdfc24ed309af96be170c9030f43713950afab2b4bed1d372a91b37cbb0"},
    {file = "cytoolz-0.12.0-cp39-cp39-win32.whl", hash = "sha256:ed8771e36430fb0e4398030569bdab1419e4e74f7bcd51ea57239aa95441983a"},
    {file = "cytoolz-0.12.0-cp39-cp39-win_amd64.whl", hash = "sha256:a15157f4280f6e5d7c2d0892847a6c4dffbd2c5cefccaf1ac1f1c6c3d2cf9936"},
    {file = "cytoolz-0.12.0-pp37-pypy37_pp73-macosx_10_9_x86_64.whl", hash = "sha256:ae403cac13c2b9a2a92e56468ca1f822899b64d75d5be8ca802f1c14870d9133"},
    {file = "cytoolz-0.12.0-pp37-pypy37_pp73-manylinux_2_17_aarch64.manylinux2014_aarch64.whl", hash = "sha256:c4ff74cb0e1a50de7f59e54a156dfd734b6593008f6f804d0726a73b89d170cd"},
    {file = "cytoolz-0.12.0-pp37-pypy37_pp73-manylinux_2_5_i686.manylinux1_i686.manylinux_2_17_i686.manylinux2014_i686.whl", hash = "sha256:f24e70d29223cde8ce3f5aefa7fd06bda12ae4386dcfbc726773e95b099cde0d"},
    {file = "cytoolz-0.12.0-pp37-pypy37_pp73-manylinux_2_5_x86_64.manylinux1_x86_64.manylinux_2_17_x86_64.manylinux2014_x86_64.whl", hash = "sha256:1a79658fd264c5f82ea1b5cb45cf3899afabd9ec3e58c333bea042a2b4a94134"},
    {file = "cytoolz-0.12.0-pp37-pypy37_pp73-win_amd64.whl", hash = "sha256:ef4a496a3175aec595ae24ad03e0bb2fe76401f8f79e7ef3d344533ba990ec0e"},
    {file = "cytoolz-0.12.0-pp38-pypy38_pp73-macosx_10_9_x86_64.whl", hash = "sha256:bb0fc2ed8efa89f31ffa99246b1d434ff3db2b7b7e35147486172da849c8024a"},
    {file = "cytoolz-0.12.0-pp38-pypy38_pp73-manylinux_2_17_aarch64.manylinux2014_aarch64.whl", hash = "sha256:59263f296e043d4210dd34f91e6f11c4b20e6195976da23170d5ad056030258a"},
    {file = "cytoolz-0.12.0-pp38-pypy38_pp73-manylinux_2_5_i686.manylinux1_i686.manylinux_2_17_i686.manylinux2014_i686.whl", hash = "sha256:274bc965cd93d6fa0bfe6f770cf6549bbe58d7b0a48dd6893d3f2c4b495d7f95"},
    {file = "cytoolz-0.12.0-pp38-pypy38_pp73-manylinux_2_5_x86_64.manylinux1_x86_64.manylinux_2_17_x86_64.manylinux2014_x86_64.whl", hash = "sha256:a8feb4d056c22983723278160aff8a28c507b0e942768f4e856539a60e7bb874"},
    {file = "cytoolz-0.12.0-pp38-pypy38_pp73-win_amd64.whl", hash = "sha256:09f5652caeac85e3735bd5aaed49ebf4eeb7c0f15cb9b7c4a5fb6f45308dc2fd"},
    {file = "cytoolz-0.12.0-pp39-pypy39_pp73-macosx_10_9_x86_64.whl", hash = "sha256:8060be3b1fa24a4e3b165ce3c0ee6048f5e181289af57dbd9e3c4d4b8545dd78"},
    {file = "cytoolz-0.12.0-pp39-pypy39_pp73-manylinux_2_17_aarch64.manylinux2014_aarch64.whl", hash = "sha256:9e32292721f16516a574891a1af6760cba37a0f426a2b2cea6f9d560131a76ea"},
    {file = "cytoolz-0.12.0-pp39-pypy39_pp73-manylinux_2_5_i686.manylinux1_i686.manylinux_2_17_i686.manylinux2014_i686.whl", hash = "sha256:6aade6ebb4507330b0540af58dc2804415945611e90c70bb97360973e487c48a"},
    {file = "cytoolz-0.12.0-pp39-pypy39_pp73-manylinux_2_5_x86_64.manylinux1_x86_64.manylinux_2_17_x86_64.manylinux2014_x86_64.whl", hash = "sha256:f909760f89a54d860cf960b4cd828f9f6301fb104cd0de5b15b16822c9c4828b"},
    {file = "cytoolz-0.12.0-pp39-pypy39_pp73-win_amd64.whl", hash = "sha256:a8e69c9f3a32e0f9331cf6707a0f159c6dec0ff2a9f41507f6b2d06cd423f0d0"},
    {file = "cytoolz-0.12.0.tar.gz", hash = "sha256:c105b05f85e03fbcd60244375968e62e44fe798c15a3531c922d531018d22412"},
]

[package.dependencies]
toolz = ">=0.8.0"

[package.extras]
cython = ["cython"]

[[package]]
name = "eth-abi"
version = "2.2.0"
description = "eth_abi: Python utilities for working with Ethereum ABI definitions, especially encoding and decoding"
optional = false
python-versions = ">=3.6, <4"
files = [
    {file = "eth_abi-2.2.0-py3-none-any.whl", hash = "sha256:8d018351b00e304113f50ffded9baf4b9c6ef1c7e4ddec71bd64048c1c5c438c"},
    {file = "eth_abi-2.2.0.tar.gz", hash = "sha256:d1bd16a911dd8fe45f1e6ed02099b4fceb8ae9ea741ab11b135cf288ada74a99"},
]

[package.dependencies]
eth-typing = ">=2.0.0,<3.0.0"
eth-utils = ">=1.2.0,<2.0.0"
parsimonious = ">=0.8.0,<0.9.0"

[package.extras]
dev = ["Sphinx (>=1.6.5,<2)", "bumpversion (>=0.5.3,<1)", "eth-hash[pycryptodome]", "flake8 (==4.0.1)", "hypothesis (>=4.18.2,<5.0.0)", "ipython", "isort (>=4.2.15,<5)", "jinja2 (>=3.0.0,<3.1.0)", "mypy (==0.910)", "pydocstyle (>=3.0.0,<4)", "pytest (==4.4.1)", "pytest-pythonpath (>=0.7.1)", "pytest-watch (>=4.1.0,<5)", "pytest-xdist (==1.22.3)", "sphinx-rtd-theme (>=0.1.9)", "towncrier (>=21,<22)", "tox (>=2.9.1,<3)", "twine", "wheel"]
doc = ["Sphinx (>=1.6.5,<2)", "jinja2 (>=3.0.0,<3.1.0)", "sphinx-rtd-theme (>=0.1.9)", "towncrier (>=21,<22)"]
lint = ["flake8 (==4.0.1)", "isort (>=4.2.15,<5)", "mypy (==0.910)", "pydocstyle (>=3.0.0,<4)"]
test = ["eth-hash[pycryptodome]", "hypothesis (>=4.18.2,<5.0.0)", "pytest (==4.4.1)", "pytest-pythonpath (>=0.7.1)", "pytest-xdist (==1.22.3)", "tox (>=2.9.1,<3)"]
tools = ["hypothesis (>=4.18.2,<5.0.0)"]

[[package]]
name = "eth-hash"
version = "0.3.3"
description = "eth-hash: The Ethereum hashing function, keccak256, sometimes (erroneously) called sha3"
optional = false
python-versions = ">=3.5, <4"
files = [
    {file = "eth-hash-0.3.3.tar.gz", hash = "sha256:8cde211519ff1a98b46e9057cb909f12ab62e263eb30a0a94e2f7e1f46ac67a0"},
    {file = "eth_hash-0.3.3-py3-none-any.whl", hash = "sha256:3c884e4f788b38cc92cff05c4e43bc6b82686066f04ecfae0e11cdcbe5a283bd"},
]

[package.extras]
dev = ["Sphinx (>=1.6.5,<2)", "bumpversion (>=0.5.3,<1)", "flake8 (==3.7.9)", "ipython", "isort (>=4.2.15,<5)", "mypy (==0.770)", "pydocstyle (>=5.0.0,<6)", "pytest (==5.4.1)", "pytest-watch (>=4.1.0,<5)", "pytest-xdist", "sphinx-rtd-theme (>=0.1.9,<1)", "towncrier (>=19.2.0,<20)", "tox (==3.14.6)", "twine", "wheel"]
doc = ["Sphinx (>=1.6.5,<2)", "sphinx-rtd-theme (>=0.1.9,<1)", "towncrier (>=19.2.0,<20)"]
lint = ["flake8 (==3.7.9)", "isort (>=4.2.15,<5)", "mypy (==0.770)", "pydocstyle (>=5.0.0,<6)"]
pycryptodome = ["pycryptodome (>=3.6.6,<4)"]
pysha3 = ["pysha3 (>=1.0.0,<2.0.0)"]
test = ["pytest (==5.4.1)", "pytest-xdist", "tox (==3.14.6)"]

[[package]]
name = "eth-typing"
version = "2.3.0"
description = "eth-typing: Common type annotations for ethereum python packages"
optional = false
python-versions = ">=3.5, <4"
files = [
    {file = "eth-typing-2.3.0.tar.gz", hash = "sha256:39cce97f401f082739b19258dfa3355101c64390914c73fe2b90012f443e0dc7"},
    {file = "eth_typing-2.3.0-py3-none-any.whl", hash = "sha256:b7fa58635c1cb0cbf538b2f5f1e66139575ea4853eac1d6000f0961a4b277422"},
]

[package.extras]
dev = ["Sphinx (>=1.6.5,<2)", "bumpversion (>=0.5.3,<1)", "flake8 (==3.8.3)", "ipython", "isort (>=4.2.15,<5)", "mypy (==0.782)", "pydocstyle (>=3.0.0,<4)", "pytest (>=4.4,<4.5)", "pytest-watch (>=4.1.0,<5)", "pytest-xdist", "sphinx-rtd-theme (>=0.1.9)", "tox (>=2.9.1,<3)", "twine", "wheel"]
doc = ["Sphinx (>=1.6.5,<2)", "sphinx-rtd-theme (>=0.1.9)"]
lint = ["flake8 (==3.8.3)", "isort (>=4.2.15,<5)", "mypy (==0.782)", "pydocstyle (>=3.0.0,<4)"]
test = ["pytest (>=4.4,<4.5)", "pytest-xdist", "tox (>=2.9.1,<3)"]

[[package]]
name = "eth-utils"
version = "1.10.0"
description = "eth-utils: Common utility functions for python code that interacts with Ethereum"
optional = false
python-versions = ">=3.5,!=3.5.2,<4"
files = [
    {file = "eth-utils-1.10.0.tar.gz", hash = "sha256:bf82762a46978714190b0370265a7148c954d3f0adaa31c6f085ea375e4c61af"},
    {file = "eth_utils-1.10.0-py3-none-any.whl", hash = "sha256:74240a8c6f652d085ed3c85f5f1654203d2f10ff9062f83b3bad0a12ff321c7a"},
]

[package.dependencies]
cytoolz = {version = ">=0.10.1,<1.0.0", markers = "implementation_name == \"cpython\""}
eth-hash = ">=0.3.1,<0.4.0"
eth-typing = ">=2.2.1,<3.0.0"
toolz = {version = ">0.8.2,<1", markers = "implementation_name == \"pypy\""}

[package.extras]
dev = ["Sphinx (>=1.6.5,<2)", "black (>=18.6b4,<19)", "bumpversion (>=0.5.3,<1)", "flake8 (==3.7.9)", "hypothesis (>=4.43.0,<5.0.0)", "ipython", "isort (>=4.2.15,<5)", "mypy (==0.720)", "pydocstyle (>=5.0.0,<6)", "pytest (==5.4.1)", "pytest (>=3.4.1,<4.0.0)", "pytest-watch (>=4.1.0,<5)", "pytest-xdist", "sphinx-rtd-theme (>=0.1.9,<2)", "towncrier (>=19.2.0,<20)", "tox (==3.14.6)", "twine (>=1.13,<2)", "wheel (>=0.30.0,<1.0.0)"]
doc = ["Sphinx (>=1.6.5,<2)", "sphinx-rtd-theme (>=0.1.9,<2)", "towncrier (>=19.2.0,<20)"]
lint = ["black (>=18.6b4,<19)", "flake8 (==3.7.9)", "isort (>=4.2.15,<5)", "mypy (==0.720)", "pydocstyle (>=5.0.0,<6)", "pytest (>=3.4.1,<4.0.0)"]
test = ["hypothesis (>=4.43.0,<5.0.0)", "pytest (==5.4.1)", "pytest-xdist", "tox (==3.14.6)"]

[[package]]
name = "flake8"
version = "4.0.1"
description = "the modular source code checker: pep8 pyflakes and co"
optional = false
python-versions = ">=3.6"
files = [
    {file = "flake8-4.0.1-py2.py3-none-any.whl", hash = "sha256:479b1304f72536a55948cb40a32dce8bb0ffe3501e26eaf292c7e60eb5e0428d"},
    {file = "flake8-4.0.1.tar.gz", hash = "sha256:806e034dda44114815e23c16ef92f95c91e4c71100ff52813adf7132a6ad870d"},
]

[package.dependencies]
mccabe = ">=0.6.0,<0.7.0"
pycodestyle = ">=2.8.0,<2.9.0"
pyflakes = ">=2.4.0,<2.5.0"

[[package]]
name = "mccabe"
version = "0.6.1"
description = "McCabe checker, plugin for flake8"
optional = false
python-versions = "*"
files = [
    {file = "mccabe-0.6.1-py2.py3-none-any.whl", hash = "sha256:ab8a6258860da4b6677da4bd2fe5dc2c659cff31b3ee4f7f5d64e79735b80d42"},
    {file = "mccabe-0.6.1.tar.gz", hash = "sha256:dd8d182285a0fe56bace7f45b5e7d1a6ebcbf524e8f3bd87eb0f125271b8831f"},
]

[[package]]
name = "numpy"
version = "1.24.2"
description = "Fundamental package for array computing in Python"
optional = false
python-versions = ">=3.8"
files = [
    {file = "numpy-1.24.2-cp310-cp310-macosx_10_9_x86_64.whl", hash = "sha256:eef70b4fc1e872ebddc38cddacc87c19a3709c0e3e5d20bf3954c147b1dd941d"},
    {file = "numpy-1.24.2-cp310-cp310-macosx_11_0_arm64.whl", hash = "sha256:e8d2859428712785e8a8b7d2b3ef0a1d1565892367b32f915c4a4df44d0e64f5"},
    {file = "numpy-1.24.2-cp310-cp310-manylinux_2_17_aarch64.manylinux2014_aarch64.whl", hash = "sha256:6524630f71631be2dabe0c541e7675db82651eb998496bbe16bc4f77f0772253"},
    {file = "numpy-1.24.2-cp310-cp310-manylinux_2_17_x86_64.manylinux2014_x86_64.whl", hash = "sha256:a51725a815a6188c662fb66fb32077709a9ca38053f0274640293a14fdd22978"},
    {file = "numpy-1.24.2-cp310-cp310-win32.whl", hash = "sha256:2620e8592136e073bd12ee4536149380695fbe9ebeae845b81237f986479ffc9"},
    {file = "numpy-1.24.2-cp310-cp310-win_amd64.whl", hash = "sha256:97cf27e51fa078078c649a51d7ade3c92d9e709ba2bfb97493007103c741f1d0"},
    {file = "numpy-1.24.2-cp311-cp311-macosx_10_9_x86_64.whl", hash = "sha256:7de8fdde0003f4294655aa5d5f0a89c26b9f22c0a58790c38fae1ed392d44a5a"},
    {file = "numpy-1.24.2-cp311-cp311-macosx_11_0_arm64.whl", hash = "sha256:4173bde9fa2a005c2c6e2ea8ac1618e2ed2c1c6ec8a7657237854d42094123a0"},
    {file = "numpy-1.24.2-cp311-cp311-manylinux_2_17_aarch64.manylinux2014_aarch64.whl", hash = "sha256:4cecaed30dc14123020f77b03601559fff3e6cd0c048f8b5289f4eeabb0eb281"},
    {file = "numpy-1.24.2-cp311-cp311-manylinux_2_17_x86_64.manylinux2014_x86_64.whl", hash = "sha256:9a23f8440561a633204a67fb44617ce2a299beecf3295f0d13c495518908e910"},
    {file = "numpy-1.24.2-cp311-cp311-win32.whl", hash = "sha256:e428c4fbfa085f947b536706a2fc349245d7baa8334f0c5723c56a10595f9b95"},
    {file = "numpy-1.24.2-cp311-cp311-win_amd64.whl", hash = "sha256:557d42778a6869c2162deb40ad82612645e21d79e11c1dc62c6e82a2220ffb04"},
    {file = "numpy-1.24.2-cp38-cp38-macosx_10_9_x86_64.whl", hash = "sha256:d0a2db9d20117bf523dde15858398e7c0858aadca7c0f088ac0d6edd360e9ad2"},
    {file = "numpy-1.24.2-cp38-cp38-macosx_11_0_arm64.whl", hash = "sha256:c72a6b2f4af1adfe193f7beb91ddf708ff867a3f977ef2ec53c0ffb8283ab9f5"},
    {file = "numpy-1.24.2-cp38-cp38-manylinux_2_17_aarch64.manylinux2014_aarch64.whl", hash = "sha256:c29e6bd0ec49a44d7690ecb623a8eac5ab8a923bce0bea6293953992edf3a76a"},
    {file = "numpy-1.24.2-cp38-cp38-manylinux_2_17_x86_64.manylinux2014_x86_64.whl", hash = "sha256:2eabd64ddb96a1239791da78fa5f4e1693ae2dadc82a76bc76a14cbb2b966e96"},
    {file = "numpy-1.24.2-cp38-cp38-win32.whl", hash = "sha256:e3ab5d32784e843fc0dd3ab6dcafc67ef806e6b6828dc6af2f689be0eb4d781d"},
    {file = "numpy-1.24.2-cp38-cp38-win_amd64.whl", hash = "sha256:76807b4063f0002c8532cfeac47a3068a69561e9c8715efdad3c642eb27c0756"},
    {file = "numpy-1.24.2-cp39-cp39-macosx_10_9_x86_64.whl", hash = "sha256:4199e7cfc307a778f72d293372736223e39ec9ac096ff0a2e64853b866a8e18a"},
    {file = "numpy-1.24.2-cp39-cp39-macosx_11_0_arm64.whl", hash = "sha256:adbdce121896fd3a17a77ab0b0b5eedf05a9834a18699db6829a64e1dfccca7f"},
    {file = "numpy-1.24.2-cp39-cp39-manylinux_2_17_aarch64.manylinux2014_aarch64.whl", hash = "sha256:889b2cc88b837d86eda1b17008ebeb679d82875022200c6e8e4ce6cf549b7acb"},
    {file = "numpy-1.24.2-cp39-cp39-manylinux_2_17_x86_64.manylinux2014_x86_64.whl", hash = "sha256:f64bb98ac59b3ea3bf74b02f13836eb2e24e48e0ab0145bbda646295769bd780"},
    {file = "numpy-1.24.2-cp39-cp39-win32.whl", hash = "sha256:63e45511ee4d9d976637d11e6c9864eae50e12dc9598f531c035265991910468"},
    {file = "numpy-1.24.2-cp39-cp39-win_amd64.whl", hash = "sha256:a77d3e1163a7770164404607b7ba3967fb49b24782a6ef85d9b5f54126cc39e5"},
    {file = "numpy-1.24.2-pp38-pypy38_pp73-macosx_10_9_x86_64.whl", hash = "sha256:92011118955724465fb6853def593cf397b4a1367495e0b59a7e69d40c4eb71d"},
    {file = "numpy-1.24.2-pp38-pypy38_pp73-manylinux_2_17_x86_64.manylinux2014_x86_64.whl", hash = "sha256:f9006288bcf4895917d02583cf3411f98631275bc67cce355a7f39f8c14338fa"},
    {file = "numpy-1.24.2-pp38-pypy38_pp73-win_amd64.whl", hash = "sha256:150947adbdfeceec4e5926d956a06865c1c690f2fd902efede4ca6fe2e657c3f"},
    {file = "numpy-1.24.2.tar.gz", hash = "sha256:003a9f530e880cb2cd177cba1af7220b9aa42def9c4afc2a2fc3ee6be7eb2b22"},
]

[[package]]
name = "packaging"
version = "21.3"
description = "Core utilities for Python packages"
optional = false
python-versions = ">=3.6"
files = [
    {file = "packaging-21.3-py3-none-any.whl", hash = "sha256:ef103e05f519cdc783ae24ea4e2e0f508a9c99b2d4969652eed6a2e1ea5bd522"},
    {file = "packaging-21.3.tar.gz", hash = "sha256:dd47c42927d89ab911e606518907cc2d3a1f38bbd026385970643f9c5b8ecfeb"},
]

[package.dependencies]
pyparsing = ">=2.0.2,<3.0.5 || >3.0.5"

[[package]]
name = "pandas"
version = "1.5.3"
description = "Powerful data structures for data analysis, time series, and statistics"
optional = false
python-versions = ">=3.8"
files = [
    {file = "pandas-1.5.3-cp310-cp310-macosx_10_9_universal2.whl", hash = "sha256:3749077d86e3a2f0ed51367f30bf5b82e131cc0f14260c4d3e499186fccc4406"},
    {file = "pandas-1.5.3-cp310-cp310-macosx_10_9_x86_64.whl", hash = "sha256:972d8a45395f2a2d26733eb8d0f629b2f90bebe8e8eddbb8829b180c09639572"},
    {file = "pandas-1.5.3-cp310-cp310-macosx_11_0_arm64.whl", hash = "sha256:50869a35cbb0f2e0cd5ec04b191e7b12ed688874bd05dd777c19b28cbea90996"},
    {file = "pandas-1.5.3-cp310-cp310-manylinux_2_17_aarch64.manylinux2014_aarch64.whl", hash = "sha256:c3ac844a0fe00bfaeb2c9b51ab1424e5c8744f89860b138434a363b1f620f354"},
    {file = "pandas-1.5.3-cp310-cp310-manylinux_2_17_x86_64.manylinux2014_x86_64.whl", hash = "sha256:7a0a56cef15fd1586726dace5616db75ebcfec9179a3a55e78f72c5639fa2a23"},
    {file = "pandas-1.5.3-cp310-cp310-win_amd64.whl", hash = "sha256:478ff646ca42b20376e4ed3fa2e8d7341e8a63105586efe54fa2508ee087f328"},
    {file = "pandas-1.5.3-cp311-cp311-macosx_10_9_universal2.whl", hash = "sha256:6973549c01ca91ec96199e940495219c887ea815b2083722821f1d7abfa2b4dc"},
    {file = "pandas-1.5.3-cp311-cp311-macosx_10_9_x86_64.whl", hash = "sha256:c39a8da13cede5adcd3be1182883aea1c925476f4e84b2807a46e2775306305d"},
    {file = "pandas-1.5.3-cp311-cp311-macosx_11_0_arm64.whl", hash = "sha256:f76d097d12c82a535fda9dfe5e8dd4127952b45fea9b0276cb30cca5ea313fbc"},
    {file = "pandas-1.5.3-cp311-cp311-manylinux_2_17_aarch64.manylinux2014_aarch64.whl", hash = "sha256:e474390e60ed609cec869b0da796ad94f420bb057d86784191eefc62b65819ae"},
    {file = "pandas-1.5.3-cp311-cp311-manylinux_2_17_x86_64.manylinux2014_x86_64.whl", hash = "sha256:5f2b952406a1588ad4cad5b3f55f520e82e902388a6d5a4a91baa8d38d23c7f6"},
    {file = "pandas-1.5.3-cp311-cp311-win_amd64.whl", hash = "sha256:bc4c368f42b551bf72fac35c5128963a171b40dce866fb066540eeaf46faa003"},
    {file = "pandas-1.5.3-cp38-cp38-macosx_10_9_universal2.whl", hash = "sha256:14e45300521902689a81f3f41386dc86f19b8ba8dd5ac5a3c7010ef8d2932813"},
    {file = "pandas-1.5.3-cp38-cp38-macosx_10_9_x86_64.whl", hash = "sha256:9842b6f4b8479e41968eced654487258ed81df7d1c9b7b870ceea24ed9459b31"},
    {file = "pandas-1.5.3-cp38-cp38-macosx_11_0_arm64.whl", hash = "sha256:26d9c71772c7afb9d5046e6e9cf42d83dd147b5cf5bcb9d97252077118543792"},
    {file = "pandas-1.5.3-cp38-cp38-manylinux_2_17_aarch64.manylinux2014_aarch64.whl", hash = "sha256:5fbcb19d6fceb9e946b3e23258757c7b225ba450990d9ed63ccceeb8cae609f7"},
    {file = "pandas-1.5.3-cp38-cp38-manylinux_2_17_x86_64.manylinux2014_x86_64.whl", hash = "sha256:565fa34a5434d38e9d250af3c12ff931abaf88050551d9fbcdfafca50d62babf"},
    {file = "pandas-1.5.3-cp38-cp38-win32.whl", hash = "sha256:87bd9c03da1ac870a6d2c8902a0e1fd4267ca00f13bc494c9e5a9020920e1d51"},
    {file = "pandas-1.5.3-cp38-cp38-win_amd64.whl", hash = "sha256:41179ce559943d83a9b4bbacb736b04c928b095b5f25dd2b7389eda08f46f373"},
    {file = "pandas-1.5.3-cp39-cp39-macosx_10_9_universal2.whl", hash = "sha256:c74a62747864ed568f5a82a49a23a8d7fe171d0c69038b38cedf0976831296fa"},
    {file = "pandas-1.5.3-cp39-cp39-macosx_10_9_x86_64.whl", hash = "sha256:c4c00e0b0597c8e4f59e8d461f797e5d70b4d025880516a8261b2817c47759ee"},
    {file = "pandas-1.5.3-cp39-cp39-macosx_11_0_arm64.whl", hash = "sha256:a50d9a4336a9621cab7b8eb3fb11adb82de58f9b91d84c2cd526576b881a0c5a"},
    {file = "pandas-1.5.3-cp39-cp39-manylinux_2_17_aarch64.manylinux2014_aarch64.whl", hash = "sha256:dd05f7783b3274aa206a1af06f0ceed3f9b412cf665b7247eacd83be41cf7bf0"},
    {file = "pandas-1.5.3-cp39-cp39-manylinux_2_17_x86_64.manylinux2014_x86_64.whl", hash = "sha256:9f69c4029613de47816b1bb30ff5ac778686688751a5e9c99ad8c7031f6508e5"},
    {file = "pandas-1.5.3-cp39-cp39-win32.whl", hash = "sha256:7cec0bee9f294e5de5bbfc14d0573f65526071029d036b753ee6507d2a21480a"},
    {file = "pandas-1.5.3-cp39-cp39-win_amd64.whl", hash = "sha256:dfd681c5dc216037e0b0a2c821f5ed99ba9f03ebcf119c7dac0e9a7b960b9ec9"},
    {file = "pandas-1.5.3.tar.gz", hash = "sha256:74a3fd7e5a7ec052f183273dc7b0acd3a863edf7520f5d3a1765c04ffdb3b0b1"},
]

[package.dependencies]
numpy = {version = ">=1.20.3", markers = "python_version < \"3.10\""}
python-dateutil = ">=2.8.1"
pytz = ">=2020.1"

[package.extras]
test = ["hypothesis (>=5.5.3)", "pytest (>=6.0)", "pytest-xdist (>=1.31)"]

[[package]]
name = "parsimonious"
version = "0.8.1"
description = "(Soon to be) the fastest pure-Python PEG parser I could muster"
optional = false
python-versions = "*"
files = [
    {file = "parsimonious-0.8.1.tar.gz", hash = "sha256:3add338892d580e0cb3b1a39e4a1b427ff9f687858fdd61097053742391a9f6b"},
]

[package.dependencies]
six = ">=1.9.0"

[[package]]
name = "prettytable"
version = "3.7.0"
description = "A simple Python library for easily displaying tabular data in a visually appealing ASCII table format"
optional = false
python-versions = ">=3.7"
files = [
    {file = "prettytable-3.7.0-py3-none-any.whl", hash = "sha256:f4aaf2ed6e6062a82fd2e6e5289bbbe705ec2788fe401a3a1f62a1cea55526d2"},
    {file = "prettytable-3.7.0.tar.gz", hash = "sha256:ef8334ee40b7ec721651fc4d37ecc7bb2ef55fde5098d994438f0dfdaa385c0c"},
]

[package.dependencies]
wcwidth = "*"

[package.extras]
tests = ["pytest", "pytest-cov", "pytest-lazy-fixture"]

[[package]]
name = "pycodestyle"
version = "2.8.0"
description = "Python style guide checker"
optional = false
python-versions = ">=2.7, !=3.0.*, !=3.1.*, !=3.2.*, !=3.3.*, !=3.4.*"
files = [
    {file = "pycodestyle-2.8.0-py2.py3-none-any.whl", hash = "sha256:720f8b39dde8b293825e7ff02c475f3077124006db4f440dcbc9a20b76548a20"},
    {file = "pycodestyle-2.8.0.tar.gz", hash = "sha256:eddd5847ef438ea1c7870ca7eb78a9d47ce0cdb4851a5523949f2601d0cbbe7f"},
]

[[package]]
name = "pycryptodome"
version = "3.15.0"
description = "Cryptographic library for Python"
optional = false
python-versions = ">=2.7, !=3.0.*, !=3.1.*, !=3.2.*, !=3.3.*, !=3.4.*"
files = [
    {file = "pycryptodome-3.15.0-cp27-cp27m-macosx_10_9_x86_64.whl", hash = "sha256:ff7ae90e36c1715a54446e7872b76102baa5c63aa980917f4aa45e8c78d1a3ec"},
    {file = "pycryptodome-3.15.0-cp27-cp27m-manylinux1_i686.whl", hash = "sha256:2ffd8b31561455453ca9f62cb4c24e6b8d119d6d531087af5f14b64bee2c23e6"},
    {file = "pycryptodome-3.15.0-cp27-cp27m-manylinux1_x86_64.whl", hash = "sha256:2ea63d46157386c5053cfebcdd9bd8e0c8b7b0ac4a0507a027f5174929403884"},
    {file = "pycryptodome-3.15.0-cp27-cp27m-manylinux2010_i686.whl", hash = "sha256:7c9ed8aa31c146bef65d89a1b655f5f4eab5e1120f55fc297713c89c9e56ff0b"},
    {file = "pycryptodome-3.15.0-cp27-cp27m-manylinux2010_x86_64.whl", hash = "sha256:5099c9ca345b2f252f0c28e96904643153bae9258647585e5e6f649bb7a1844a"},
    {file = "pycryptodome-3.15.0-cp27-cp27m-manylinux2014_aarch64.whl", hash = "sha256:2ec709b0a58b539a4f9d33fb8508264c3678d7edb33a68b8906ba914f71e8c13"},
    {file = "pycryptodome-3.15.0-cp27-cp27m-musllinux_1_1_aarch64.whl", hash = "sha256:2ae53125de5b0d2c95194d957db9bb2681da8c24d0fb0fe3b056de2bcaf5d837"},
    {file = "pycryptodome-3.15.0-cp27-cp27m-win32.whl", hash = "sha256:fd2184aae6ee2a944aaa49113e6f5787cdc5e4db1eb8edb1aea914bd75f33a0c"},
    {file = "pycryptodome-3.15.0-cp27-cp27m-win_amd64.whl", hash = "sha256:7e3a8f6ee405b3bd1c4da371b93c31f7027944b2bcce0697022801db93120d83"},
    {file = "pycryptodome-3.15.0-cp27-cp27mu-manylinux1_i686.whl", hash = "sha256:b9c5b1a1977491533dfd31e01550ee36ae0249d78aae7f632590db833a5012b8"},
    {file = "pycryptodome-3.15.0-cp27-cp27mu-manylinux1_x86_64.whl", hash = "sha256:0926f7cc3735033061ef3cf27ed16faad6544b14666410727b31fea85a5b16eb"},
    {file = "pycryptodome-3.15.0-cp27-cp27mu-manylinux2010_i686.whl", hash = "sha256:2aa55aae81f935a08d5a3c2042eb81741a43e044bd8a81ea7239448ad751f763"},
    {file = "pycryptodome-3.15.0-cp27-cp27mu-manylinux2010_x86_64.whl", hash = "sha256:c3640deff4197fa064295aaac10ab49a0d55ef3d6a54ae1499c40d646655c89f"},
    {file = "pycryptodome-3.15.0-cp27-cp27mu-manylinux2014_aarch64.whl", hash = "sha256:045d75527241d17e6ef13636d845a12e54660aa82e823b3b3341bcf5af03fa79"},
    {file = "pycryptodome-3.15.0-cp27-cp27mu-musllinux_1_1_aarch64.whl", hash = "sha256:eb6fce570869e70cc8ebe68eaa1c26bed56d40ad0f93431ee61d400525433c54"},
    {file = "pycryptodome-3.15.0-cp35-abi3-macosx_10_9_x86_64.whl", hash = "sha256:9ee40e2168f1348ae476676a2e938ca80a2f57b14a249d8fe0d3cdf803e5a676"},
    {file = "pycryptodome-3.15.0-cp35-abi3-manylinux1_i686.whl", hash = "sha256:4c3ccad74eeb7b001f3538643c4225eac398c77d617ebb3e57571a897943c667"},
    {file = "pycryptodome-3.15.0-cp35-abi3-manylinux1_x86_64.whl", hash = "sha256:1b22bcd9ec55e9c74927f6b1f69843cb256fb5a465088ce62837f793d9ffea88"},
    {file = "pycryptodome-3.15.0-cp35-abi3-manylinux2010_i686.whl", hash = "sha256:57f565acd2f0cf6fb3e1ba553d0cb1f33405ec1f9c5ded9b9a0a5320f2c0bd3d"},
    {file = "pycryptodome-3.15.0-cp35-abi3-manylinux2010_x86_64.whl", hash = "sha256:4b52cb18b0ad46087caeb37a15e08040f3b4c2d444d58371b6f5d786d95534c2"},
    {file = "pycryptodome-3.15.0-cp35-abi3-manylinux2014_aarch64.whl", hash = "sha256:092a26e78b73f2530b8bd6b3898e7453ab2f36e42fd85097d705d6aba2ec3e5e"},
    {file = "pycryptodome-3.15.0-cp35-abi3-musllinux_1_1_aarch64.whl", hash = "sha256:50ca7e587b8e541eb6c192acf92449d95377d1f88908c0a32ac5ac2703ebe28b"},
    {file = "pycryptodome-3.15.0-cp35-abi3-win32.whl", hash = "sha256:e244ab85c422260de91cda6379e8e986405b4f13dc97d2876497178707f87fc1"},
    {file = "pycryptodome-3.15.0-cp35-abi3-win_amd64.whl", hash = "sha256:c77126899c4b9c9827ddf50565e93955cb3996813c18900c16b2ea0474e130e9"},
    {file = "pycryptodome-3.15.0-pp27-pypy_73-macosx_10_9_x86_64.whl", hash = "sha256:9eaadc058106344a566dc51d3d3a758ab07f8edde013712bc8d22032a86b264f"},
    {file = "pycryptodome-3.15.0-pp27-pypy_73-manylinux1_x86_64.whl", hash = "sha256:ff287bcba9fbeb4f1cccc1f2e90a08d691480735a611ee83c80a7d74ad72b9d9"},
    {file = "pycryptodome-3.15.0-pp27-pypy_73-manylinux2010_x86_64.whl", hash = "sha256:60b4faae330c3624cc5a546ba9cfd7b8273995a15de94ee4538130d74953ec2e"},
    {file = "pycryptodome-3.15.0-pp27-pypy_73-win32.whl", hash = "sha256:a8f06611e691c2ce45ca09bbf983e2ff2f8f4f87313609d80c125aff9fad6e7f"},
    {file = "pycryptodome-3.15.0-pp36-pypy36_pp73-macosx_10_9_x86_64.whl", hash = "sha256:b9cc96e274b253e47ad33ae1fccc36ea386f5251a823ccb50593a935db47fdd2"},
    {file = "pycryptodome-3.15.0-pp36-pypy36_pp73-manylinux1_x86_64.whl", hash = "sha256:ecaaef2d21b365d9c5ca8427ffc10cebed9d9102749fd502218c23cb9a05feb5"},
    {file = "pycryptodome-3.15.0-pp36-pypy36_pp73-manylinux2010_x86_64.whl", hash = "sha256:d2a39a66057ab191e5c27211a7daf8f0737f23acbf6b3562b25a62df65ffcb7b"},
    {file = "pycryptodome-3.15.0-pp36-pypy36_pp73-win32.whl", hash = "sha256:9c772c485b27967514d0df1458b56875f4b6d025566bf27399d0c239ff1b369f"},
    {file = "pycryptodome-3.15.0.tar.gz", hash = "sha256:9135dddad504592bcc18b0d2d95ce86c3a5ea87ec6447ef25cfedea12d6018b8"},
]

[[package]]
name = "pyflakes"
version = "2.4.0"
description = "passive checker of Python programs"
optional = false
python-versions = ">=2.7, !=3.0.*, !=3.1.*, !=3.2.*, !=3.3.*"
files = [
    {file = "pyflakes-2.4.0-py2.py3-none-any.whl", hash = "sha256:3bb3a3f256f4b7968c9c788781e4ff07dce46bdf12339dcda61053375426ee2e"},
    {file = "pyflakes-2.4.0.tar.gz", hash = "sha256:05a85c2872edf37a4ed30b0cce2f6093e1d0581f8c19d7393122da7e25b2b24c"},
]

[[package]]
name = "pyparsing"
version = "3.0.9"
description = "pyparsing module - Classes and methods to define and execute parsing grammars"
optional = false
python-versions = ">=3.6.8"
files = [
    {file = "pyparsing-3.0.9-py3-none-any.whl", hash = "sha256:5026bae9a10eeaefb61dab2f09052b9f4307d44aee4eda64b309723d8d206bbc"},
    {file = "pyparsing-3.0.9.tar.gz", hash = "sha256:2b020ecf7d21b687f219b71ecad3631f644a47f01403fa1d1036b0c6416d70fb"},
]

[package.extras]
diagrams = ["jinja2", "railroad-diagrams"]

[[package]]
name = "python-dateutil"
version = "2.8.1"
description = "Extensions to the standard Python datetime module"
optional = false
python-versions = "!=3.0.*,!=3.1.*,!=3.2.*,>=2.7"
files = [
    {file = "python-dateutil-2.8.1.tar.gz", hash = "sha256:73ebfe9dbf22e832286dafa60473e4cd239f8592f699aa5adaf10050e6e1823c"},
    {file = "python_dateutil-2.8.1-py2.py3-none-any.whl", hash = "sha256:75bb3f31ea686f1197762692a9ee6a7550b59fc6ca3a1f4b5d7e32fb98e2da2a"},
]

[package.dependencies]
six = ">=1.5"

[[package]]
name = "pytz"
version = "2023.3"
description = "World timezone definitions, modern and historical"
optional = false
python-versions = "*"
files = [
    {file = "pytz-2023.3-py2.py3-none-any.whl", hash = "sha256:a151b3abb88eda1d4e34a9814df37de2a80e301e68ba0fd856fb9b46bfbbbffb"},
    {file = "pytz-2023.3.tar.gz", hash = "sha256:1d8ce29db189191fb55338ee6d0387d82ab59f3d00eac103412d64e0ebd0c588"},
]

[[package]]
name = "six"
version = "1.16.0"
description = "Python 2 and 3 compatibility utilities"
optional = false
python-versions = ">=2.7, !=3.0.*, !=3.1.*, !=3.2.*"
files = [
    {file = "six-1.16.0-py2.py3-none-any.whl", hash = "sha256:8abb2f1d86890a2dfb989f9a77cfcfd3e47c2a354b01111771326f8aa26e0254"},
    {file = "six-1.16.0.tar.gz", hash = "sha256:1e61c37477a1626458e36f7b1d82aa5c9b094fa4802892072e49de9c60c4c926"},
]

[[package]]
name = "slither-analyzer"
version = "0.9.2"
description = "Slither is a Solidity static analysis framework written in Python 3."
optional = false
python-versions = ">=3.8"
files = [
    {file = "slither-analyzer-0.9.2.tar.gz", hash = "sha256:625ef0c18b9484e4be094ea3d2b15649f93d8724f165d4d6f9adc8ccddf6ebcf"},
    {file = "slither_analyzer-0.9.2-py3-none-any.whl", hash = "sha256:0ef1835a6a6e1220773700cd79406debac04a3756f1e79dd97e05ead8f1d31b5"},
]

[package.dependencies]
crytic-compile = ">=0.3.0"
packaging = "*"
prettytable = ">=0.7.2"
pycryptodome = ">=3.4.6"

[package.extras]
dev = ["black (==22.3.0)", "deepdiff", "numpy", "openai", "pylint (==2.13.4)", "pytest", "pytest-cov", "solc-select (>=v1.0.0b1)"]

[[package]]
name = "solc-select"
version = "1.0.3"
description = "Manage multiple Solidity compiler versions."
optional = false
python-versions = ">=3.6"
files = [
    {file = "solc-select-1.0.3.tar.gz", hash = "sha256:f39d08035355bd0e0a887e4a1088ea10a15dd64e4408cc7fcd72d913b46fc799"},
    {file = "solc_select-1.0.3-py3-none-any.whl", hash = "sha256:ae812dc26483ba96c27b903239d12c5b2e6bd3997a49b475852a03b15c6d13b4"},
]

[package.dependencies]
packaging = "*"
pycryptodome = ">=3.4.6"

[[package]]
name = "sync"
version = "1.0.0"
description = "Python cile copy utility"
optional = false
python-versions = "*"
files = [
    {file = "sync-1.0.0.zip", hash = "sha256:9f8e9a5c89dec5e82efaa2ae64a8c6f63690a3c4f4d5f0f84660202306ea078e"},
]

[[package]]
name = "toolz"
version = "0.12.0"
description = "List processing tools and functional utilities"
optional = false
python-versions = ">=3.5"
files = [
    {file = "toolz-0.12.0-py3-none-any.whl", hash = "sha256:2059bd4148deb1884bb0eb770a3cde70e7f954cfbbdc2285f1f2de01fd21eb6f"},
    {file = "toolz-0.12.0.tar.gz", hash = "sha256:88c570861c440ee3f2f6037c4654613228ff40c93a6c25e0eba70d17282c6194"},
]

[[package]]
name = "tqdm"
version = "4.64.1"
description = "Fast, Extensible Progress Meter"
optional = false
python-versions = "!=3.0.*,!=3.1.*,!=3.2.*,!=3.3.*,>=2.7"
files = [
    {file = "tqdm-4.64.1-py2.py3-none-any.whl", hash = "sha256:6fee160d6ffcd1b1c68c65f14c829c22832bc401726335ce92c52d395944a6a1"},
    {file = "tqdm-4.64.1.tar.gz", hash = "sha256:5f4f682a004951c1b450bc753c710e9280c5746ce6ffedee253ddbcbf54cf1e4"},
]

[package.dependencies]
colorama = {version = "*", markers = "platform_system == \"Windows\""}

[package.extras]
dev = ["py-make (>=0.1.0)", "twine", "wheel"]
notebook = ["ipywidgets (>=6)"]
slack = ["slack-sdk"]
telegram = ["requests"]

[[package]]
name = "wcwidth"
version = "0.2.5"
description = "Measures the displayed width of unicode strings in a terminal"
optional = false
python-versions = "*"
files = [
    {file = "wcwidth-0.2.5-py2.py3-none-any.whl", hash = "sha256:beb4802a9cebb9144e99086eff703a642a13d6a0052920003a230f3294bbe784"},
    {file = "wcwidth-0.2.5.tar.gz", hash = "sha256:c4d647b99872929fdb7bdcaa4fbe7f01413ed3d98077df798530e5b04f116c83"},
]

[metadata]
lock-version = "2.0"
python-versions = ">=3.9, <3.10"
content-hash = "5922e4b0af2a4b81bc5a2abbc1255c4c0d479cf7863b301e950bc86922f89406"
